
Microsoft Visual Studio Solution File, Format Version 12.00
# Visual Studio 2013
VisualStudioVersion = 12.0.30723.0
MinimumVisualStudioVersion = 10.0.40219.1
Project("{FAE04EC0-301F-11D3-BF4B-00C04F79EFBC}") = "Teamroom.Tests", "Teamroom.Tests\Teamroom.Tests.csproj", "{3F0C78B9-EED3-49D4-A614-942D0D8CCC62}"
EndProject
Project("{FAE04EC0-301F-11D3-BF4B-00C04F79EFBC}") = "Teamroom.Web", "Teamroom.Web\Teamroom.Web.csproj", "{2B9F4331-CBBB-47D6-B810-E21B452182D9}"
EndProject
Project("{CC5FD16D-436D-48AD-A40C-5A424C6E3E79}") = "Teamroom", "Teamroom\Teamroom.ccproj", "{618F6FB7-ED62-40C3-9D2C-6DAB663524D6}"
EndProject
Project("{FAE04EC0-301F-11D3-BF4B-00C04F79EFBC}") = "Teamroom.Data", "Teamroom.Data\Teamroom.Data.csproj", "{86C48B94-3616-4252-834E-C9531AF926F3}"
EndProject
Project("{FAE04EC0-301F-11D3-BF4B-00C04F79EFBC}") = "Teamroom.Business", "Teamroom.Service\Teamroom.Business.csproj", "{11476D80-9558-4354-AD2A-FED26CBE046A}"
EndProject
Project("{FAE04EC0-301F-11D3-BF4B-00C04F79EFBC}") = "Teamroom.Common", "Teamroom.Common\Teamroom.Common.csproj", "{A05FA0C9-B371-472B-A9C7-3EB1EBF6883A}"
EndProject
Project("{FAE04EC0-301F-11D3-BF4B-00C04F79EFBC}") = "GeoLib", "GeoLib\GeoLib.csproj", "{BC42F6F5-6E9F-4144-8899-3210CEA54540}"
EndProject
Project("{FAE04EC0-301F-11D3-BF4B-00C04F79EFBC}") = "ScheduleWidget", "ScheduleWidget\ScheduleWidget.csproj", "{2D2F0585-312C-4CA1-B224-693F42B1968E}"
EndProject
Project("{2150E333-8FDC-42A3-9474-1A3956D46DE8}") = "Tools", "Tools", "{153C5A47-1C9B-4854-8066-9227EC464129}"
EndProject
Project("{FAE04EC0-301F-11D3-BF4B-00C04F79EFBC}") = "GitTester", "GitTester\GitTester.csproj", "{5BF9CDBE-6613-416B-B332-A946B6AEEBFF}"
EndProject
Project("{FAE04EC0-301F-11D3-BF4B-00C04F79EFBC}") = "FindAllReferences", "FindAllReferences\FindAllReferences\FindAllReferences.csproj", "{D6944E4D-197B-4586-8FCB-088A48B7F712}"
EndProject
Global
	GlobalSection(SolutionConfigurationPlatforms) = preSolution
		Debug|Any CPU = Debug|Any CPU
		Debug|Mixed Platforms = Debug|Mixed Platforms
		Debug|x86 = Debug|x86
		Release|Any CPU = Release|Any CPU
		Release|Mixed Platforms = Release|Mixed Platforms
		Release|x86 = Release|x86
	EndGlobalSection
	GlobalSection(ProjectConfigurationPlatforms) = postSolution
		{3F0C78B9-EED3-49D4-A614-942D0D8CCC62}.Debug|Any CPU.ActiveCfg = Debug|Any CPU
		{3F0C78B9-EED3-49D4-A614-942D0D8CCC62}.Debug|Any CPU.Build.0 = Debug|Any CPU
		{3F0C78B9-EED3-49D4-A614-942D0D8CCC62}.Debug|Mixed Platforms.ActiveCfg = Debug|Any CPU
		{3F0C78B9-EED3-49D4-A614-942D0D8CCC62}.Debug|Mixed Platforms.Build.0 = Debug|Any CPU
		{3F0C78B9-EED3-49D4-A614-942D0D8CCC62}.Debug|x86.ActiveCfg = Debug|Any CPU
		{3F0C78B9-EED3-49D4-A614-942D0D8CCC62}.Release|Any CPU.ActiveCfg = Release|Any CPU
		{3F0C78B9-EED3-49D4-A614-942D0D8CCC62}.Release|Any CPU.Build.0 = Release|Any CPU
		{3F0C78B9-EED3-49D4-A614-942D0D8CCC62}.Release|Mixed Platforms.ActiveCfg = Release|Any CPU
		{3F0C78B9-EED3-49D4-A614-942D0D8CCC62}.Release|Mixed Platforms.Build.0 = Release|Any CPU
		{3F0C78B9-EED3-49D4-A614-942D0D8CCC62}.Release|x86.ActiveCfg = Release|Any CPU
		{2B9F4331-CBBB-47D6-B810-E21B452182D9}.Debug|Any CPU.ActiveCfg = Debug|Any CPU
		{2B9F4331-CBBB-47D6-B810-E21B452182D9}.Debug|Any CPU.Build.0 = Debug|Any CPU
		{2B9F4331-CBBB-47D6-B810-E21B452182D9}.Debug|Mixed Platforms.ActiveCfg = Debug|Any CPU
		{2B9F4331-CBBB-47D6-B810-E21B452182D9}.Debug|Mixed Platforms.Build.0 = Debug|Any CPU
		{2B9F4331-CBBB-47D6-B810-E21B452182D9}.Debug|x86.ActiveCfg = Debug|Any CPU
		{2B9F4331-CBBB-47D6-B810-E21B452182D9}.Release|Any CPU.ActiveCfg = Release|Any CPU
		{2B9F4331-CBBB-47D6-B810-E21B452182D9}.Release|Any CPU.Build.0 = Release|Any CPU
		{2B9F4331-CBBB-47D6-B810-E21B452182D9}.Release|Mixed Platforms.ActiveCfg = Release|Any CPU
		{2B9F4331-CBBB-47D6-B810-E21B452182D9}.Release|Mixed Platforms.Build.0 = Release|Any CPU
		{2B9F4331-CBBB-47D6-B810-E21B452182D9}.Release|x86.ActiveCfg = Release|Any CPU
		{618F6FB7-ED62-40C3-9D2C-6DAB663524D6}.Debug|Any CPU.ActiveCfg = Debug|Any CPU
		{618F6FB7-ED62-40C3-9D2C-6DAB663524D6}.Debug|Any CPU.Build.0 = Debug|Any CPU
		{618F6FB7-ED62-40C3-9D2C-6DAB663524D6}.Debug|Mixed Platforms.ActiveCfg = Debug|Any CPU
		{618F6FB7-ED62-40C3-9D2C-6DAB663524D6}.Debug|Mixed Platforms.Build.0 = Debug|Any CPU
		{618F6FB7-ED62-40C3-9D2C-6DAB663524D6}.Debug|x86.ActiveCfg = Debug|Any CPU
		{618F6FB7-ED62-40C3-9D2C-6DAB663524D6}.Release|Any CPU.ActiveCfg = Release|Any CPU
		{618F6FB7-ED62-40C3-9D2C-6DAB663524D6}.Release|Any CPU.Build.0 = Release|Any CPU
		{618F6FB7-ED62-40C3-9D2C-6DAB663524D6}.Release|Mixed Platforms.ActiveCfg = Release|Any CPU
		{618F6FB7-ED62-40C3-9D2C-6DAB663524D6}.Release|Mixed Platforms.Build.0 = Release|Any CPU
		{618F6FB7-ED62-40C3-9D2C-6DAB663524D6}.Release|x86.ActiveCfg = Release|Any CPU
		{86C48B94-3616-4252-834E-C9531AF926F3}.Debug|Any CPU.ActiveCfg = Debug|Any CPU
		{86C48B94-3616-4252-834E-C9531AF926F3}.Debug|Any CPU.Build.0 = Debug|Any CPU
		{86C48B94-3616-4252-834E-C9531AF926F3}.Debug|Mixed Platforms.ActiveCfg = Debug|Any CPU
		{86C48B94-3616-4252-834E-C9531AF926F3}.Debug|Mixed Platforms.Build.0 = Debug|Any CPU
		{86C48B94-3616-4252-834E-C9531AF926F3}.Debug|x86.ActiveCfg = Debug|Any CPU
		{86C48B94-3616-4252-834E-C9531AF926F3}.Release|Any CPU.ActiveCfg = Release|Any CPU
		{86C48B94-3616-4252-834E-C9531AF926F3}.Release|Any CPU.Build.0 = Release|Any CPU
		{86C48B94-3616-4252-834E-C9531AF926F3}.Release|Mixed Platforms.ActiveCfg = Release|Any CPU
		{86C48B94-3616-4252-834E-C9531AF926F3}.Release|Mixed Platforms.Build.0 = Release|Any CPU
		{86C48B94-3616-4252-834E-C9531AF926F3}.Release|x86.ActiveCfg = Release|Any CPU
		{11476D80-9558-4354-AD2A-FED26CBE046A}.Debug|Any CPU.ActiveCfg = Debug|Any CPU
		{11476D80-9558-4354-AD2A-FED26CBE046A}.Debug|Any CPU.Build.0 = Debug|Any CPU
		{11476D80-9558-4354-AD2A-FED26CBE046A}.Debug|Mixed Platforms.ActiveCfg = Debug|Any CPU
		{11476D80-9558-4354-AD2A-FED26CBE046A}.Debug|Mixed Platforms.Build.0 = Debug|Any CPU
		{11476D80-9558-4354-AD2A-FED26CBE046A}.Debug|x86.ActiveCfg = Debug|Any CPU
		{11476D80-9558-4354-AD2A-FED26CBE046A}.Release|Any CPU.ActiveCfg = Release|Any CPU
		{11476D80-9558-4354-AD2A-FED26CBE046A}.Release|Any CPU.Build.0 = Release|Any CPU
		{11476D80-9558-4354-AD2A-FED26CBE046A}.Release|Mixed Platforms.ActiveCfg = Release|Any CPU
		{11476D80-9558-4354-AD2A-FED26CBE046A}.Release|Mixed Platforms.Build.0 = Release|Any CPU
		{11476D80-9558-4354-AD2A-FED26CBE046A}.Release|x86.ActiveCfg = Release|Any CPU
		{A05FA0C9-B371-472B-A9C7-3EB1EBF6883A}.Debug|Any CPU.ActiveCfg = Debug|Any CPU
		{A05FA0C9-B371-472B-A9C7-3EB1EBF6883A}.Debug|Any CPU.Build.0 = Debug|Any CPU
		{A05FA0C9-B371-472B-A9C7-3EB1EBF6883A}.Debug|Mixed Platforms.ActiveCfg = Debug|Any CPU
		{A05FA0C9-B371-472B-A9C7-3EB1EBF6883A}.Debug|Mixed Platforms.Build.0 = Debug|Any CPU
		{A05FA0C9-B371-472B-A9C7-3EB1EBF6883A}.Debug|x86.ActiveCfg = Debug|Any CPU
		{A05FA0C9-B371-472B-A9C7-3EB1EBF6883A}.Release|Any CPU.ActiveCfg = Release|Any CPU
		{A05FA0C9-B371-472B-A9C7-3EB1EBF6883A}.Release|Any CPU.Build.0 = Release|Any CPU
		{A05FA0C9-B371-472B-A9C7-3EB1EBF6883A}.Release|Mixed Platforms.ActiveCfg = Release|Any CPU
		{A05FA0C9-B371-472B-A9C7-3EB1EBF6883A}.Release|Mixed Platforms.Build.0 = Release|Any CPU
		{A05FA0C9-B371-472B-A9C7-3EB1EBF6883A}.Release|x86.ActiveCfg = Release|Any CPU
		{BC42F6F5-6E9F-4144-8899-3210CEA54540}.Debug|Any CPU.ActiveCfg = Debug|Any CPU
		{BC42F6F5-6E9F-4144-8899-3210CEA54540}.Debug|Any CPU.Build.0 = Debug|Any CPU
		{BC42F6F5-6E9F-4144-8899-3210CEA54540}.Debug|Mixed Platforms.ActiveCfg = Debug|Any CPU
		{BC42F6F5-6E9F-4144-8899-3210CEA54540}.Debug|Mixed Platforms.Build.0 = Debug|Any CPU
		{BC42F6F5-6E9F-4144-8899-3210CEA54540}.Debug|x86.ActiveCfg = Debug|Any CPU
		{BC42F6F5-6E9F-4144-8899-3210CEA54540}.Release|Any CPU.ActiveCfg = Release|Any CPU
		{BC42F6F5-6E9F-4144-8899-3210CEA54540}.Release|Any CPU.Build.0 = Release|Any CPU
		{BC42F6F5-6E9F-4144-8899-3210CEA54540}.Release|Mixed Platforms.ActiveCfg = Release|Any CPU
		{BC42F6F5-6E9F-4144-8899-3210CEA54540}.Release|Mixed Platforms.Build.0 = Release|Any CPU
		{BC42F6F5-6E9F-4144-8899-3210CEA54540}.Release|x86.ActiveCfg = Release|Any CPU
		{2D2F0585-312C-4CA1-B224-693F42B1968E}.Debug|Any CPU.ActiveCfg = Debug|Any CPU
		{2D2F0585-312C-4CA1-B224-693F42B1968E}.Debug|Any CPU.Build.0 = Debug|Any CPU
		{2D2F0585-312C-4CA1-B224-693F42B1968E}.Debug|Mixed Platforms.ActiveCfg = Debug|Any CPU
		{2D2F0585-312C-4CA1-B224-693F42B1968E}.Debug|Mixed Platforms.Build.0 = Debug|Any CPU
		{2D2F0585-312C-4CA1-B224-693F42B1968E}.Debug|x86.ActiveCfg = Debug|Any CPU
		{2D2F0585-312C-4CA1-B224-693F42B1968E}.Release|Any CPU.ActiveCfg = Release|Any CPU
		{2D2F0585-312C-4CA1-B224-693F42B1968E}.Release|Any CPU.Build.0 = Release|Any CPU
		{2D2F0585-312C-4CA1-B224-693F42B1968E}.Release|Mixed Platforms.ActiveCfg = Release|Any CPU
		{2D2F0585-312C-4CA1-B224-693F42B1968E}.Release|Mixed Platforms.Build.0 = Release|Any CPU
		{2D2F0585-312C-4CA1-B224-693F42B1968E}.Release|x86.ActiveCfg = Release|Any CPU
		{5BF9CDBE-6613-416B-B332-A946B6AEEBFF}.Debug|Any CPU.ActiveCfg = Debug|Any CPU
		{5BF9CDBE-6613-416B-B332-A946B6AEEBFF}.Debug|Any CPU.Build.0 = Debug|Any CPU
		{5BF9CDBE-6613-416B-B332-A946B6AEEBFF}.Debug|Mixed Platforms.ActiveCfg = Debug|Any CPU
		{5BF9CDBE-6613-416B-B332-A946B6AEEBFF}.Debug|Mixed Platforms.Build.0 = Debug|Any CPU
		{5BF9CDBE-6613-416B-B332-A946B6AEEBFF}.Debug|x86.ActiveCfg = Debug|Any CPU
		{5BF9CDBE-6613-416B-B332-A946B6AEEBFF}.Release|Any CPU.ActiveCfg = Release|Any CPU
		{5BF9CDBE-6613-416B-B332-A946B6AEEBFF}.Release|Any CPU.Build.0 = Release|Any CPU
		{5BF9CDBE-6613-416B-B332-A946B6AEEBFF}.Release|Mixed Platforms.ActiveCfg = Release|Any CPU
		{5BF9CDBE-6613-416B-B332-A946B6AEEBFF}.Release|Mixed Platforms.Build.0 = Release|Any CPU
		{5BF9CDBE-6613-416B-B332-A946B6AEEBFF}.Release|x86.ActiveCfg = Release|Any CPU
		{D6944E4D-197B-4586-8FCB-088A48B7F712}.Debug|Any CPU.ActiveCfg = Debug|x86
		{D6944E4D-197B-4586-8FCB-088A48B7F712}.Debug|Mixed Platforms.ActiveCfg = Debug|x86
		{D6944E4D-197B-4586-8FCB-088A48B7F712}.Debug|Mixed Platforms.Build.0 = Debug|x86
		{D6944E4D-197B-4586-8FCB-088A48B7F712}.Debug|x86.ActiveCfg = Debug|x86
		{D6944E4D-197B-4586-8FCB-088A48B7F712}.Debug|x86.Build.0 = Debug|x86
		{D6944E4D-197B-4586-8FCB-088A48B7F712}.Release|Any CPU.ActiveCfg = Release|x86
		{D6944E4D-197B-4586-8FCB-088A48B7F712}.Release|Mixed Platforms.ActiveCfg = Release|x86
		{D6944E4D-197B-4586-8FCB-088A48B7F712}.Release|Mixed Platforms.Build.0 = Release|x86
		{D6944E4D-197B-4586-8FCB-088A48B7F712}.Release|x86.ActiveCfg = Release|x86
		{D6944E4D-197B-4586-8FCB-088A48B7F712}.Release|x86.Build.0 = Release|x86
	EndGlobalSection
	GlobalSection(SolutionProperties) = preSolution
		HideSolutionNode = FALSE
	EndGlobalSection
	GlobalSection(NestedProjects) = preSolution
		{BC42F6F5-6E9F-4144-8899-3210CEA54540} = {153C5A47-1C9B-4854-8066-9227EC464129}
		{2D2F0585-312C-4CA1-B224-693F42B1968E} = {153C5A47-1C9B-4854-8066-9227EC464129}
		{5BF9CDBE-6613-416B-B332-A946B6AEEBFF} = {153C5A47-1C9B-4854-8066-9227EC464129}
		{D6944E4D-197B-4586-8FCB-088A48B7F712} = {153C5A47-1C9B-4854-8066-9227EC464129}
	EndGlobalSection
EndGlobal
